
Microsoft Visual Studio Solution File, Format Version 12.00
# Visual Studio Version 17
VisualStudioVersion = 17.8.34330.188
MinimumVisualStudioVersion = 10.0.40219.1
Project("{FAE04EC0-301F-11D3-BF4B-00C04F79EFBC}") = "SchoolApplication", "SchoolApplication\SchoolApplication.csproj", "{F25C6EEC-E0D0-479C-8B13-344F94C97FC3}"
EndProject
Global
	GlobalSection(SolutionConfigurationPlatforms) = preSolution
		Debug|Any CPU = Debug|Any CPU
		Release|Any CPU = Release|Any CPU
	EndGlobalSection
	GlobalSection(ProjectConfigurationPlatforms) = postSolution
		{F25C6EEC-E0D0-479C-8B13-344F94C97FC3}.Debug|Any CPU.ActiveCfg = Debug|Any CPU
		{F25C6EEC-E0D0-479C-8B13-344F94C97FC3}.Debug|Any CPU.Build.0 = Debug|Any CPU
		{F25C6EEC-E0D0-479C-8B13-344F94C97FC3}.Release|Any CPU.ActiveCfg = Release|Any CPU
		{F25C6EEC-E0D0-479C-8B13-344F94C97FC3}.Release|Any CPU.Build.0 = Release|Any CPU
	EndGlobalSection
	GlobalSection(SolutionProperties) = preSolution
		HideSolutionNode = FALSE
	EndGlobalSection
	GlobalSection(ExtensibilityGlobals) = postSolution
		SolutionGuid = {E460BC6F-BD97-4647-B03B-81FBD8017E9D}
	EndGlobalSection
EndGlobal
